// !$*UTF8*$!
{
	archiveVersion = 1;
	classes = {
	};
	objectVersion = 46;
	objects = {

/* Begin PBXBuildFile section */
		F809C8AF194837BF007FF11F /* main.swift in Sources */ = {isa = PBXBuildFile; fileRef = F809C8AE194837BF007FF11F /* main.swift */; };
		F809C8C119483812007FF11F /* Swell.framework in Frameworks */ = {isa = PBXBuildFile; fileRef = F809C8BC194837F3007FF11F /* Swell.framework */; };
/* End PBXBuildFile section */

/* Begin PBXContainerItemProxy section */
		F809C8BB194837F3007FF11F /* PBXContainerItemProxy */ = {
			isa = PBXContainerItemProxy;
			containerPortal = F809C8B6194837F3007FF11F /* Swell.xcodeproj */;
			proxyType = 2;
			remoteGlobalIDString = F8FC4D441945594600646807;
			remoteInfo = Swell;
		};
		F809C8BD194837F3007FF11F /* PBXContainerItemProxy */ = {
			isa = PBXContainerItemProxy;
			containerPortal = F809C8B6194837F3007FF11F /* Swell.xcodeproj */;
			proxyType = 2;
			remoteGlobalIDString = F8FC4D4F1945594600646807;
			remoteInfo = SwellTests;
		};
		F809C8BF194837FB007FF11F /* PBXContainerItemProxy */ = {
			isa = PBXContainerItemProxy;
			containerPortal = F809C8B6194837F3007FF11F /* Swell.xcodeproj */;
			proxyType = 1;
			remoteGlobalIDString = F8FC4D431945594600646807;
			remoteInfo = Swell;
		};
/* End PBXContainerItemProxy section */

/* Begin PBXCopyFilesBuildPhase section */
		F809C8A9194837BF007FF11F /* CopyFiles */ = {
			isa = PBXCopyFilesBuildPhase;
			buildActionMask = 2147483647;
			dstPath = /usr/share/man/man1/;
			dstSubfolderSpec = 0;
			files = (
			);
			runOnlyForDeploymentPostprocessing = 1;
		};
/* End PBXCopyFilesBuildPhase section */

/* Begin PBXFileReference section */
		F809C8AB194837BF007FF11F /* SwellTodo */ = {isa = PBXFileReference; explicitFileType = "compiled.mach-o.executable"; includeInIndex = 0; path = SwellTodo; sourceTree = BUILT_PRODUCTS_DIR; };
		F809C8AE194837BF007FF11F /* main.swift */ = {isa = PBXFileReference; lastKnownFileType = sourcecode.swift; path = main.swift; sourceTree = "<group>"; };
		F809C8B6194837F3007FF11F /* Swell.xcodeproj */ = {isa = PBXFileReference; lastKnownFileType = "wrapper.pb-project"; name = Swell.xcodeproj; path = ../../Swell/Swell.xcodeproj; sourceTree = "<group>"; };
/* End PBXFileReference section */

/* Begin PBXFrameworksBuildPhase section */
		F809C8A8194837BF007FF11F /* Frameworks */ = {
			isa = PBXFrameworksBuildPhase;
			buildActionMask = 2147483647;
			files = (
				F809C8C119483812007FF11F /* Swell.framework in Frameworks */,
			);
			runOnlyForDeploymentPostprocessing = 0;
		};
/* End PBXFrameworksBuildPhase section */

/* Begin PBXGroup section */
		F809C8A2194837BF007FF11F = {
			isa = PBXGroup;
			children = (
				F809C8B5194837E6007FF11F /* Project Dependencies */,
				F809C8AD194837BF007FF11F /* SwellTodo */,
				F809C8AC194837BF007FF11F /* Products */,
			);
			sourceTree = "<group>";
		};
		F809C8AC194837BF007FF11F /* Products */ = {
			isa = PBXGroup;
			children = (
				F809C8AB194837BF007FF11F /* SwellTodo */,
			);
			name = Products;
			sourceTree = "<group>";
		};
		F809C8AD194837BF007FF11F /* SwellTodo */ = {
			isa = PBXGroup;
			children = (
				F809C8AE194837BF007FF11F /* main.swift */,
			);
			path = SwellTodo;
			sourceTree = "<group>";
		};
		F809C8B5194837E6007FF11F /* Project Dependencies */ = {
			isa = PBXGroup;
			children = (
				F809C8B6194837F3007FF11F /* Swell.xcodeproj */,
			);
			name = "Project Dependencies";
			sourceTree = "<group>";
		};
		F809C8B7194837F3007FF11F /* Products */ = {
			isa = PBXGroup;
			children = (
				F809C8BC194837F3007FF11F /* Swell.framework */,
				F809C8BE194837F3007FF11F /* SwellTests.xctest */,
			);
			name = Products;
			sourceTree = "<group>";
		};
/* End PBXGroup section */

/* Begin PBXNativeTarget section */
		F809C8AA194837BF007FF11F /* SwellTodo */ = {
			isa = PBXNativeTarget;
			buildConfigurationList = F809C8B2194837BF007FF11F /* Build configuration list for PBXNativeTarget "SwellTodo" */;
			buildPhases = (
				F809C8A7194837BF007FF11F /* Sources */,
				F809C8A8194837BF007FF11F /* Frameworks */,
				F809C8A9194837BF007FF11F /* CopyFiles */,
			);
			buildRules = (
			);
			dependencies = (
				F809C8C0194837FB007FF11F /* PBXTargetDependency */,
			);
			name = SwellTodo;
			productName = SwellTodo;
			productReference = F809C8AB194837BF007FF11F /* SwellTodo */;
			productType = "com.apple.product-type.tool";
		};
/* End PBXNativeTarget section */

/* Begin PBXProject section */
		F809C8A3194837BF007FF11F /* Project object */ = {
			isa = PBXProject;
			attributes = {
				LastUpgradeCheck = 0600;
				ORGANIZATIONNAME = "Breckin Loggins";
				TargetAttributes = {
					F809C8AA194837BF007FF11F = {
						CreatedOnToolsVersion = 6.0;
					};
				};
			};
			buildConfigurationList = F809C8A6194837BF007FF11F /* Build configuration list for PBXProject "SwellTodo" */;
			compatibilityVersion = "Xcode 3.2";
			developmentRegion = English;
			hasScannedForEncodings = 0;
			knownRegions = (
				en,
			);
			mainGroup = F809C8A2194837BF007FF11F;
			productRefGroup = F809C8AC194837BF007FF11F /* Products */;
			projectDirPath = "";
			projectReferences = (
				{
					ProductGroup = F809C8B7194837F3007FF11F /* Products */;
					ProjectRef = F809C8B6194837F3007FF11F /* Swell.xcodeproj */;
				},
			);
			projectRoot = "";
			targets = (
				F809C8AA194837BF007FF11F /* SwellTodo */,
			);
		};
/* End PBXProject section */

/* Begin PBXReferenceProxy section */
		F809C8BC194837F3007FF11F /* Swell.framework */ = {
			isa = PBXReferenceProxy;
			fileType = wrapper.framework;
			path = Swell.framework;
			remoteRef = F809C8BB194837F3007FF11F /* PBXContainerItemProxy */;
			sourceTree = BUILT_PRODUCTS_DIR;
		};
		F809C8BE194837F3007FF11F /* SwellTests.xctest */ = {
			isa = PBXReferenceProxy;
			fileType = wrapper.cfbundle;
			path = SwellTests.xctest;
			remoteRef = F809C8BD194837F3007FF11F /* PBXContainerItemProxy */;
			sourceTree = BUILT_PRODUCTS_DIR;
		};
/* End PBXReferenceProxy section */

/* Begin PBXSourcesBuildPhase section */
		F809C8A7194837BF007FF11F /* Sources */ = {
			isa = PBXSourcesBuildPhase;
			buildActionMask = 2147483647;
			files = (
				F809C8AF194837BF007FF11F /* main.swift in Sources */,
			);
			runOnlyForDeploymentPostprocessing = 0;
		};
/* End PBXSourcesBuildPhase section */

/* Begin PBXTargetDependency section */
		F809C8C0194837FB007FF11F /* PBXTargetDependency */ = {
			isa = PBXTargetDependency;
			name = Swell;
			targetProxy = F809C8BF194837FB007FF11F /* PBXContainerItemProxy */;
		};
/* End PBXTargetDependency section */

/* Begin XCBuildConfiguration section */
		F809C8B0194837BF007FF11F /* Debug */ = {
			isa = XCBuildConfiguration;
			buildSettings = {
				ALWAYS_SEARCH_USER_PATHS = NO;
				CLANG_CXX_LANGUAGE_STANDARD = "gnu++0x";
				CLANG_CXX_LIBRARY = "libc++";
				CLANG_ENABLE_MODULES = YES;
				CLANG_ENABLE_OBJC_ARC = YES;
				CLANG_WARN_BOOL_CONVERSION = YES;
				CLANG_WARN_CONSTANT_CONVERSION = YES;
				CLANG_WARN_DIRECT_OBJC_ISA_USAGE = YES_ERROR;
				CLANG_WARN_EMPTY_BODY = YES;
				CLANG_WARN_ENUM_CONVERSION = YES;
				CLANG_WARN_INT_CONVERSION = YES;
				CLANG_WARN_OBJC_ROOT_CLASS = YES_ERROR;
				CLANG_WARN_UNREACHABLE_CODE = YES;
				CLANG_WARN__DUPLICATE_METHOD_MATCH = YES;
				COPY_PHASE_STRIP = NO;
				ENABLE_STRICT_OBJC_MSGSEND = YES;
				GCC_C_LANGUAGE_STANDARD = gnu99;
				GCC_DYNAMIC_NO_PIC = NO;
				GCC_OPTIMIZATION_LEVEL = 0;
				GCC_PREPROCESSOR_DEFINITIONS = (
					"DEBUG=1",
					"$(inherited)",
				);
				GCC_SYMBOLS_PRIVATE_EXTERN = NO;
				GCC_WARN_64_TO_32_BIT_CONVERSION = YES;
				GCC_WARN_ABOUT_RETURN_TYPE = YES_ERROR;
				GCC_WARN_UNDECLARED_SELECTOR = YES;
				GCC_WARN_UNINITIALIZED_AUTOS = YES_AGGRESSIVE;
				GCC_WARN_UNUSED_FUNCTION = YES;
				GCC_WARN_UNUSED_VARIABLE = YES;
				MACOSX_DEPLOYMENT_TARGET = 10.9;
				METAL_ENABLE_DEBUG_INFO = YES;
				ONLY_ACTIVE_ARCH = YES;
				SDKROOT = macosx;
				SWIFT_OPTIMIZATION_LEVEL = "-Onone";
			};
			name = Debug;
		};
		F809C8B1194837BF007FF11F /* Release */ = {
			isa = XCBuildConfiguration;
			buildSettings = {
				ALWAYS_SEARCH_USER_PATHS = NO;
				CLANG_CXX_LANGUAGE_STANDARD = "gnu++0x";
				CLANG_CXX_LIBRARY = "libc++";
				CLANG_ENABLE_MODULES = YES;
				CLANG_ENABLE_OBJC_ARC = YES;
				CLANG_WARN_BOOL_CONVERSION = YES;
				CLANG_WARN_CONSTANT_CONVERSION = YES;
				CLANG_WARN_DIRECT_OBJC_ISA_USAGE = YES_ERROR;
				CLANG_WARN_EMPTY_BODY = YES;
				CLANG_WARN_ENUM_CONVERSION = YES;
				CLANG_WARN_INT_CONVERSION = YES;
				CLANG_WARN_OBJC_ROOT_CLASS = YES_ERROR;
				CLANG_WARN_UNREACHABLE_CODE = YES;
				CLANG_WARN__DUPLICATE_METHOD_MATCH = YES;
				COPY_PHASE_STRIP = YES;
				DEBUG_INFORMATION_FORMAT = "dwarf-with-dsym";
				ENABLE_NS_ASSERTIONS = NO;
				ENABLE_STRICT_OBJC_MSGSEND = YES;
				GCC_C_LANGUAGE_STANDARD = gnu99;
				GCC_WARN_64_TO_32_BIT_CONVERSION = YES;
				GCC_WARN_ABOUT_RETURN_TYPE = YES_ERROR;
				GCC_WARN_UNDECLARED_SELECTOR = YES;
				GCC_WARN_UNINITIALIZED_AUTOS = YES_AGGRESSIVE;
				GCC_WARN_UNUSED_FUNCTION = YES;
				GCC_WARN_UNUSED_VARIABLE = YES;
				MACOSX_DEPLOYMENT_TARGET = 10.9;
				METAL_ENABLE_DEBUG_INFO = NO;
				SDKROOT = macosx;
			};
			name = Release;
		};
		F809C8B3194837BF007FF11F /* Debug */ = {
			isa = XCBuildConfiguration;
			buildSettings = {
				PRODUCT_NAME = "$(TARGET_NAME)";
			};
			name = Debug;
		};
		F809C8B4194837BF007FF11F /* Release */ = {
			isa = XCBuildConfiguration;
			buildSettings = {
				PRODUCT_NAME = "$(TARGET_NAME)";
			};
			name = Release;
		};
/* End XCBuildConfiguration section */

/* Begin XCConfigurationList section */
		F809C8A6194837BF007FF11F /* Build configuration list for PBXProject "SwellTodo" */ = {
			isa = XCConfigurationList;
			buildConfigurations = (
				F809C8B0194837BF007FF11F /* Debug */,
				F809C8B1194837BF007FF11F /* Release */,
			);
			defaultConfigurationIsVisible = 0;
			defaultConfigurationName = Release;
		};
		F809C8B2194837BF007FF11F /* Build configuration list for PBXNativeTarget "SwellTodo" */ = {
			isa = XCConfigurationList;
			buildConfigurations = (
				F809C8B3194837BF007FF11F /* Debug */,
				F809C8B4194837BF007FF11F /* Release */,
			);
			defaultConfigurationIsVisible = 0;
			defaultConfigurationName = Release;
		};
/* End XCConfigurationList section */
	};
	rootObject = F809C8A3194837BF007FF11F /* Project object */;
}
